# This file is automatically @generated by Poetry 1.7.0 and should not be changed by hand.

[[package]]
name = "cfgv"
version = "3.4.0"
description = "Validate configuration and produce human readable error messages."
optional = false
python-versions = ">=3.8"
files = [
    {file = "cfgv-3.4.0-py2.py3-none-any.whl", hash = "sha256:b7265b1f29fd3316bfcd2b330d63d024f2bfd8bcb8b0272f8e19a504856c48f9"},
    {file = "cfgv-3.4.0.tar.gz", hash = "sha256:e52591d4c5f5dead8e0f673fb16db7949d2cfb3f7da4582893288f0ded8fe560"},
]

[[package]]
name = "colorama"
version = "0.4.6"
description = "Cross-platform colored terminal text."
optional = false
python-versions = "!=3.0.*,!=3.1.*,!=3.2.*,!=3.3.*,!=3.4.*,!=3.5.*,!=3.6.*,>=2.7"
files = [
    {file = "colorama-0.4.6-py2.py3-none-any.whl", hash = "sha256:4f1d9991f5acc0ca119f9d443620b77f9d6b33703e51011c16baf57afb285fc6"},
    {file = "colorama-0.4.6.tar.gz", hash = "sha256:08695f5cb7ed6e0531a20572697297273c47b8cae5a63ffc6d6ed5c201be6e44"},
]

[[package]]
name = "coverage"
version = "7.16.1"
description = "Code coverage measurement for Python"
optional = false
python-versions = ">=3.10"
files = [
    {file = "coverage-7.16.1-cp310-cp310-macosx_10_9_x86_64.whl", hash = "sha256:4f12a9e27ca7b65e40a8475d27899b2d45064d9020e6a89148939e01987b5853"},
    {file = "coverage-7.16.1-cp310-cp310-macosx_11_0_arm64.whl", hash = "sha256:8f590d46c30d9e4c1fda3efefe5443f4c2f6a4192c5ca2ba403653e9ebadf097"},
    {file = "coverage-7.16.1-cp310-cp310-manylinux1_i686.manylinux_2_28_i686.manylinux_2_5_i686.whl", hash = "sha256:3df82f0a3cef4e1bcfc799436056f0b978dda319d0bfd4460c6e479b2802d98a"},
    {file = "coverage-7.16.1-cp310-cp310-manylinux1_x86_64.manylinux_2_28_x86_64.manylinux_2_5_x86_64.whl", hash = "sha256:bb462d59146656e278d1e8ed913ce374d0ba68a4e081acde1867f6d3377fc881"},
    {file = "coverage-7.16.1-cp310-cp310-manylinux2014_aarch64.manylinux_2_17_aarch64.manylinux_2_28_aarch64.whl", hash = "sha256:d7db888dd0a1df1a653cae7f99d4047430d2187a3626eda51bc847b0fd6b9b43"},
    {file = "coverage-7.16.1-cp310-cp310-manylinux2014_ppc64le.manylinux_2_17_ppc64le.manylinux_2_28_ppc64le.whl", hash = "sha256:38a7e16f061504ac2b45370bf5bf97e8250d8d3f25e37385bae884978166554b"},
    {file = "coverage-7.16.1-cp310-cp310-manylinux_2_31_riscv64.manylinux_2_39_riscv64.whl", hash = "sha256:2b26b55b18e1a53e1a159dd743728c4ddbbef28ba19000a91aaff5ce023197ec"},
    {file = "coverage-7.16.1-cp310-cp310-musllinux_1_2_aarch64.whl", hash = "sha256:fdb2f528b50953e29d22033b3256c396a700193c6e45b2490222ef9c333cbbf9"},
    {file = "coverage-7.16.1-cp310-cp310-musllinux_1_2_i686.whl", hash = "sha256:3284754371dc78592aa3ae4d661d30ee20e02b2b6b0de3590a181a936d0d3b38"},
    {file = "coverage-7.16.1-cp310-cp310-musllinux_1_2_ppc64le.whl", hash = "sha256:802d1246c540e07486d4ee1adfa19a797e4b33529ffc371dc140644e8f27da0a"},
    {file = "coverage-7.16.1-cp310-cp310-musllinux_1_2_riscv64.whl", hash = "sha256:6fc735d6fe6d57f803e7ba021be4dde48e43e6aff94e6954350555d5332b0594"},
    {file = "coverage-7.16.1-cp310-cp310-musllinux_1_2_x86_64.whl", hash = "sha256:ed5ade1bb18f62edace1bd198c66f9d4c75a8385d5fd24e87d917ea1a5958773"},
    {file = "coverage-7.16.1-cp310-cp310-win32.whl", hash = "sha256:0c309096926b119543dc16438a11ef4c80783d2f4e59ff94f7f462651a944cdc"},
    {file = "coverage-7.16.1-cp310-cp310-win_amd64.whl", hash = "sha256:7562f8067ed9360e8b9739e5703403a7686dd1b36bf0f89fc538047c54cdea90"},
    {file = "coverage-7.16.1-cp311-cp311-macosx_10_9_x86_64.whl", hash = "sha256:72e013665e25cf9d44779f01f340af26319756f9a76822b7c94ce6b1d93813da"},
    {file = "coverage-7.16.1-cp311-cp311-macosx_11_0_arm64.whl", hash = "sha256:cb05c0ff98b56ba6969adf35556bc43bcb8d094df8bc9cb403acff53460c4e07"},
    {file = "coverage-7.16.1-cp311-cp311-manylinux1_i686.manylinux_2_28_i686.manylinux_2_5_i686.whl", hash = "sha256:0d0ececb32090e3fbb03e0d352b973a0485879b4de6c58daf47227b9988b99e5"},
    {file = "coverage-7.16.1-cp311-cp311-manylinux1_x86_64.manylinux_2_28_x86_64.manylinux_2_5_x86_64.whl", hash = "sha256:f0ba3892d81aacf36996c52f16bca04e39af31a6c5de930b7688ab617f4a6475"},
    {file = "coverage-7.16.1-cp311-cp311-manylinux2014_aarch64.manylinux_2_17_aarch64.manylinux_2_28_aarch64.whl", hash = "sha256:a6410b75fe07d5271eaa95fc24bd0a9177ed588d9d1c10c0cf67829adb8f0567"},
    {file = "coverage-7.16.1-cp311-cp311-manylinux2014_ppc64le.manylinux_2_17_ppc64le.manylinux_2_28_ppc64le.whl", hash = "sha256:d1039cb2de093225d597109342ce1675626bd127565e80b3044f4eca07c15b2e"},
    {file = "coverage-7.16.1-cp311-cp311-manylinux_2_31_riscv64.manylinux_2_39_riscv64.whl", hash = "sha256:cf047bc39fde5425be2628666d0f435ed8817859111c3aacc84b32d858069f5d"},
    {file = "coverage-7.16.1-cp311-cp311-musllinux_1_2_aarch64.whl", hash = "sha256:2c05913d0d5badf7ac83200f35dcf9514cce5df16a7cc89e7d1d7fff0461813b"},
    {file = "coverage-7.16.1-cp311-cp311-musllinux_1_2_i686.whl", hash = "sha256:4027bf6d7bc0a16df058ce913b69f10c5687f8e1ca668f08caa659ce101744bf"},
    {file = "coverage-7.16.1-cp311-cp311-musllinux_1_2_ppc64le.whl", hash = "sha256:4f48b345f831eaf4402ab6333c2dc3e2e2b5bc7b9c1b8fe12680dee3f0538f01"},
    {file = "coverage-7.16.1-cp311-cp311-musllinux_1_2_riscv64.whl", hash = "sha256:8643baeb590726c558b2faed6cd59b0917480f9367fcc692026f1a86d824fd08"},
    {file = "coverage-7.16.1-cp311-cp311-musllinux_1_2_x86_64.whl", hash = "sha256:d06dcc420b570bf683cdb647cc8fe62b672d9e429ef711c3cbbb7a6880ca1572"},
    {file = "coverage-7.16.1-cp311-cp311-win32.whl", hash = "sha256:946f58aa59b08bcd6afcc6a7bd0ff54ed5eee844f32ad69fe6814836d15856a2"},
    {file = "coverage-7.16.1-cp311-cp311-win_amd64.whl", hash = "sha256:684c7ee9b4c04358fe6ac8b517ab51ec35fcd79d08ff0f105dd8bcd96885bbb7"},
    {file = "coverage-7.16.1-cp311-cp311-win_arm64.whl", hash = "sha256:1b24f79e25bcf6c73931aeca7a3dfc7595c0cb5e9364aba3fdf387a3de4b1c22"},
    {file = "coverage-7.16.1-cp312-cp312-macosx_10_13_x86_64.whl", hash = "sha256:b7f2c26ce6ce0b1e0ca0d5fae96ea510e3a2e78b7207f06e76b7f2c87fa3d0af"},
    {file = "coverage-7.16.1-cp312-cp312-macosx_11_0_arm64.whl", hash = "sha256:070acb9da788dff743a4d36fc015feee12d68f0349959017542017c79f59c21c"},
    {file = "coverage-7.16.1-cp312-cp312-manylinux1_i686.manylinux_2_28_i686.manylinux_2_5_i686.whl", hash = "sha256:e366587b370bc9b8b51b7b7272c610c56db5d5b4795b9e4a29d28ff2f440f809"},
    {file = "coverage-7.16.1-cp312-cp312-manylinux1_x86_64.manylinux_2_28_x86_64.manylinux_2_5_x86_64.whl", hash = "sha256:e82e10b9d290f60b63459cfb245a841aec347603997206296b93881463a93dcf"},
    {file = "coverage-7.16.1-cp312-cp312-manylinux2014_aarch64.manylinux_2_17_aarch64.manylinux_2_28_aarch64.whl", hash = "sha256:3d73bb1f85c4150ac208fb0755beb04b2e44897bad81414de9380f98dd74729f"},
    {file = "coverage-7.16.1-cp312-cp312-manylinux2014_ppc64le.manylinux_2_17_ppc64le.manylinux_2_28_ppc64le.whl", hash = "sha256:3397b9032553d281ad6a9253b12675b65e0cc8cd7a3b0633cf48872c9eb13360"},
    {file = "coverage-7.16.1-cp312-cp312-manylinux_2_31_riscv64.manylinux_2_39_riscv64.whl", hash = "sha256:77890395cf37026a5907d3ad32376aa51f41c0f163b7477fdbd4f94966cc1d08"},
    {file = "coverage-7.16.1-cp312-cp312-musllinux_1_2_aarch64.whl", hash = "sha256:b0944dc3bee3091039bf970d73caaf930c906013128a421bdc132e797494d941"},
    {file = "coverage-7.16.1-cp312-cp312-musllinux_1_2_i686.whl", hash = "sha256:b89d22a89d5bc05dd95b64e08295b8394aa96dc88e08f8ba210c9ebfebbe0489"},
    {file = "coverage-7.16.1-cp312-cp312-musllinux_1_2_ppc64le.whl", hash = "sha256:550a2a1faf7559f13d5344f12d1eb886ad87955155d7dfab2a3fe5c8ec8fe776"},
    {file = "coverage-7.16.1-cp312-cp312-musllinux_1_2_riscv64.whl", hash = "sha256:55eb268e5b81aefac759766c9162625b06c1bedb7b77d936225bafc4f038a6f6"},
    {file = "coverage-7.16.1-cp312-cp312-musllinux_1_2_x86_64.whl", hash = "sha256:65a8fc80898c9ce59f04349fe8b4849b1f9787f14e52ead990e5f849ff4727a0"},
    {file = "coverage-7.16.1-cp312-cp312-win32.whl", hash = "sha256:528a61be40977c340cf201d23b69bd6a6bab507da60e9dbda85f8b30e935d70d"},
    {file = "coverage-7.16.1-cp312-cp312-win_amd64.whl", hash = "sha256:d0f02c633630e2b74522108ee95a84ad6e1204a8016a6cca5297f335ea27147e"},
    {file = "coverage-7.16.1-cp312-cp312-win_arm64.whl", hash = "sha256:2959978f9d1d20a2c0c15d0a68baaeccf615ac1aa214cf4a05a10d6f568926c8"},
    {file = "coverage-7.16.1-cp313-cp313-macosx_10_13_x86_64.whl", hash = "sha256:ee5465db6e9152a7d09f3215309326878c6aa3ac509195a369f9d264ff4bfbd9"},
    {file = "coverage-7.16.1-cp313-cp313-macosx_11_0_arm64.whl", hash = "sha256:2b8256f8b525ba233d2e4cdcdce0d6673c66fc9bf70df1fd5e67c54a74e2d245"},
    {file = "coverage-7.16.1-cp313-cp313-manylinux1_i686.manylinux_2_28_i686.manylinux_2_5_i686.whl", hash = "sha256:d57cc400275b9a2892e905fc893f732b21ddb95271bf96406c88e2f6367848b5"},
    {file = "coverage-7.16.1-cp313-cp313-manylinux1_x86_64.manylinux_2_28_x86_64.manylinux_2_5_x86_64.whl", hash = "sha256:6b3fd0f3435ebb7a7183b32a6062a8b755f08242ced1f3f22761d30b56b3c2a5"},
    {file = "coverage-7.16.1-cp313-cp313-manylinux2014_aarch64.manylinux_2_17_aarch64.manylinux_2_28_aarch64.whl", hash = "sha256:e5eb1762e7eb5fad34ef913e8107c7788a66f19d328e598ce95bf7217f9e5c8f"},
    {file = "coverage-7.16.1-cp313-cp313-manylinux2014_ppc64le.manylinux_2_17_ppc64le.manylinux_2_28_ppc64le.whl", hash = "sha256:46cd3a73e9140410de62cceb66214bce0e08fb3922b9176fbfc1522fec151b41"},
    {file = "coverage-7.16.1-cp313-cp313-manylinux_2_31_riscv64.manylinux_2_39_riscv64.whl", hash = "sha256:d1ba5142d68dd2cb775cbd0ac8601819298152047803c8efe4eec6d7d7aa7878"},
    {file = "coverage-7.16.1-cp313-cp313-musllinux_1_2_aarch64.whl", hash = "sha256:c389c6f9d1d518e1249ddcb8a7f158135644ce2c508fa6cc17b680777dad5bf2"},
    {file = "coverage-7.16.1-cp313-cp313-musllinux_1_2_i686.whl", hash = "sha256:cdc57746c7ac0ea063351b4d651c3bb4dd4fd35e64dbb8e90c10e14eb03c4080"},
    {file = "coverage-7.16.1-cp313-cp313-musllinux_1_2_ppc64le.whl", hash = "sha256:5597180ed7670cc94c04c65347418a467d3a43d5f0cf52fcac647f5425f42037"},
    {file = "coverage-7.16.1-cp313-cp313-musllinux_1_2_riscv64.whl", hash = "sha256:a9647a0ac46255b8fef59a433a2161f03e5483f3a35e1cbd9dfe4600baff0c6b"},
    {file = "coverage-7.16.1-cp313-cp313-musllinux_1_2_x86_64.whl", hash = "sha256:e306e98186b9cd109121f3583aeb7978797ad21d948f22944c5c08845cd554d0"},
    {file = "coverage-7.16.1-cp313-cp313-win32.whl", hash = "sha256:48a78a66fcce49d7f6156524bf979c0ac633d584199717c68c6ffa949fc14e6a"},
    {file = "coverage-7.16.1-cp313-cp313-win_amd64.whl", hash = "sha256:7af03247d598a353bbbbe1b925deb735276e4d845e7197c4073dc89352b236fa"},
    {file = "coverage-7.16.1-cp313-cp313-win_arm64.whl", hash = "sha256:166adae25b05b04c9a84135912066d9c97482115af38df1a419a38aacc6b6f5d"},
    {file = "coverage-7.16.1-cp314-cp314-macosx_10_15_x86_64.whl", hash = "sha256:cc0b37fe6f5ce5f1ccc62ad4fa9b1ad201d8e9b6027fd5e0170877beee4b2d15"},
    {file = "coverage-7.16.1-cp314-cp314-macosx_11_0_arm64.whl", hash = "sha256:6618f481053b63fc6121faf8fc676bd9b7163c2a19d9e984a2e850002c28ab57"},
    {file = "coverage-7.16.1-cp314-cp314-manylinux1_i686.manylinux_2_28_i686.manylinux_2_5_i686.whl", hash = "sha256:fa02d561eb1d8d2f8ba43ba6e3cef4c6c402a3b632a9460fa329fcadcd5df6a3"},
    {file = "coverage-7.16.1-cp314-cp314-manylinux1_x86_64.manylinux_2_28_x86_64.manylinux_2_5_x86_64.whl", hash = "sha256:bc5354a124799f1f87b7637bbe6f18cd4bc66a1f37f6aa2b5db40f9adad531dc"},
    {file = "coverage-7.16.1-cp314-cp314-manylinux2014_aarch64.manylinux_2_17_aarch64.manylinux_2_28_aarch64.whl", hash = "sha256:34bafe9f4094315248573e6223e11af0ec1b25f9cbca43bf0e9a26a189ba2751"},
    {file = "coverage-7.16.1-cp314-cp314-manylinux2014_ppc64le.manylinux_2_17_ppc64le.manylinux_2_28_ppc64le.whl", hash = "sha256:29c4d3e32a3b5efa420a3dc627c7e570deb80ef997def52c7686a474f5edc7ab"},
    {file = "coverage-7.16.1-cp314-cp314-manylinux_2_31_riscv64.manylinux_2_39_riscv64.whl", hash = "sha256:f2066c447fdd0bca39a9633a082d8ce67bf9a539a203b85059a364a405dc9fe9"},
    {file = "coverage-7.16.1-cp314-cp314-musllinux_1_2_aarch64.whl", hash = "sha256:fd8ac10cd2458b3c6343aac082fb9bd0e3fa806cb2c4975f2280153474b88412"},
    {file = "coverage-7.16.1-cp314-cp314-musllinux_1_2_i686.whl", hash = "sha256:9d8c54ec32e5c102b9241f75d88ae26538b53662868ca491736611db448d9c7a"},
    {file = "coverage-7.16.1-cp314-cp314-musllinux_1_2_ppc64le.whl", hash = "sha256:6dd8dda3402a01a1a8fe8b753a282466f615128574a5590a9108acd07b1f8540"},
    {file = "coverage-7.16.1-cp314-cp314-musllinux_1_2_riscv64.whl", hash = "sha256:79afa9726438912e5cddd1fe541815cea9763c92935f594835e4c432565b68a9"},
    {file = "coverage-7.16.1-cp314-cp314-musllinux_1_2_x86_64.whl", hash = "sha256:3db3978211c3cead5437a80136ca0556bab8bc7828de15a762884b0598c41361"},
    {file = "coverage-7.16.1-cp314-cp314-win32.whl", hash = "sha256:49c39c7068a494f8eb427155f5682f44feee43f9b3107fd54b1e52465379c54b"},
    {file = "coverage-7.16.1-cp314-cp314-win_amd64.whl", hash = "sha256:c510dad19552d912058e4c3e3cbec3fb155dbe8d0ce0ceb7e7dbf5c5822bae0b"},
    {file = "coverage-7.16.1-cp314-cp314-win_arm64.whl", hash = "sha256:b7d4d7e6dcaf33e85f1919f03346403bdcc27437c420a78835f3805bca0ab71f"},
    {file = "coverage-7.16.1-cp314-cp314t-macosx_10_15_x86_64.whl", hash = "sha256:3d0a3681c12d3e0bcdea3d9414b04087828d6c1a482802d6f7f42c37ed530152"},
    {file = "coverage-7.16.1-cp314-cp314t-macosx_11_0_arm64.whl", hash = "sha256:3f3b4469d3da3ecced775d1a8c9c5d9fc80f259e30b7b89f9fed0700d6035ecb"},
    {file = "coverage-7.16.1-cp314-cp314t-manylinux1_i686.manylinux_2_28_i686.manylinux_2_5_i686.whl", hash = "sha256:c08ae35c1be2fe1ce4b4c628df5c6fc0dc9a87f8e5fe8e20238d249678984741"},
    {file = "coverage-7.16.1-cp314-cp314t-manylinux1_x86_64.manylinux_2_28_x86_64.manylinux_2_5_x86_64.whl", hash = "sha256:8ee71a38c54bb2676bbe762b8b0943a79ccb1c2fd6a52054f66e63eda392f8c1"},
    {file = "coverage-7.16.1-cp314-cp314t-manylinux2014_aarch64.manylinux_2_17_aarch64.manylinux_2_28_aarch64.whl", hash = "sha256:76491917771f179f9772efe218c5ccc65950dbdb35f4439298d8a8dfc6ec1f72"},
    {file = "coverage-7.16.1-cp314-cp314t-manylinux2014_ppc64le.manylinux_2_17_ppc64le.manylinux_2_28_ppc64le.whl", hash = "sha256:f4aa0b0a6f81fa3deb211e643f6954e78b4376b62b9c218271236cfa757664e8"},
    {file = "coverage-7.16.1-cp314-cp314t-manylinux_2_31_riscv64.manylinux_2_39_riscv64.whl", hash = "sha256:756ba2d96d073c5a2a55d67fa22784763710fadbe22c41adde2d9cfa4dd78a8c"},
    {file = "coverage-7.16.1-cp314-cp314t-musllinux_1_2_aarch64.whl", hash = "sha256:99bf9ea435cefcefd220f8687c3ddbbf78dc2de0bd11b57c3ae9fbbdf8d5561a"},
    {file = "coverage-7.16.1-cp314-cp314t-musllinux_1_2_i686.whl", hash = "sha256:35cbc81f937fc402971df45c897d2df2bfb2014efcd990360032aa0a651635da"},
    {file = "coverage-7.16.1-cp314-cp314t-musllinux_1_2_ppc64le.whl", hash = "sha256:8fae08e85b334ac6ac886002b5041396a31bcf805225bbe19847627203da99e2"},
    {file = "coverage-7.16.1-cp314-cp314t-musllinux_1_2_riscv64.whl", hash = "sha256:83362b64e215ef00b0ba33fcf13655ace6c9fdd144d5ad2ab59ac86c2daf166e"},
    {file = "coverage-7.16.1-cp314-cp314t-musllinux_1_2_x86_64.whl", hash = "sha256:33300f2e140ccf26af3d8152e62bff71993f9310cfc63ba7a20940b0d246a0ae"},
    {file = "coverage-7.16.1-cp314-cp314t-win32.whl", hash = "sha256:5539304fdbb2cc144df684d35a33b81145334d23e1c2367b5a923d25107f70b2"},
    {file = "coverage-7.16.1-cp314-cp314t-win_amd64.whl", hash = "sha256:715dcb72c3280c428c3a20134b87e42c29acec9669136e899ab2de69ca86218d"},
    {file = "coverage-7.16.1-cp314-cp314t-win_arm64.whl", hash = "sha256:dac8b84c03e6029d272b8249c77018db83de59ca009a9adef7c144b4a62ee5e6"},
    {file = "coverage-7.16.1-cp315-cp315-macosx_10_15_x86_64.whl", hash = "sha256:a337dc2d54c74430cd2febb8ee04f7c508ba8b3b412bf0463f077a66cfc73743"},
    {file = "coverage-7.16.1-cp315-cp315-macosx_11_0_arm64.whl", hash = "sha256:3acd1d78397dead78dd1b011b5fc19cc823c190349acd549e63856dff649c80e"},
    {file = "coverage-7.16.1-cp315-cp315-manylinux1_i686.manylinux_2_28_i686.manylinux_2_5_i686.whl", hash = "sha256:73a32694603a34ad01d7e51a481a4023410d8099e1d0757e067945695c10f0ae"},
    {file = "coverage-7.16.1-cp315-cp315-manylinux1_x86_64.manylinux_2_28_x86_64.manylinux_2_5_x86_64.whl", hash = "sha256:fbbe8265736659a6be2e6042b6a35be13545d14b243cc1d7ecf65f90d788a370"},
    {file = "coverage-7.16.1-cp315-cp315-manylinux2014_aarch64.manylinux_2_17_aarch64.manylinux_2_28_aarch64.whl", hash = "sha256:4b0359eb4c62f9993e176bc8f50450fc736a6b90dbcc05bb8584e948812699ae"},
    {file = "coverage-7.16.1-cp315-cp315-manylinux2014_ppc64le.manylinux_2_17_ppc64le.manylinux_2_28_ppc64le.whl", hash = "sha256:da506e669a8a851b59e122b4b219ea70996a6296f44f3a9348a852526ff961de"},
    {file = "coverage-7.16.1-cp315-cp315-manylinux_2_31_riscv64.manylinux_2_39_riscv64.whl", hash = "sha256:64a2a5985d81810ed605ff0dc4ccd6555efcb5700353825532a9a0aea65826e1"},
    {file = "coverage-7.16.1-cp315-cp315-musllinux_1_2_aarch64.whl", hash = "sha256:66d70132b69b861805dc1ca46cdd733e54c416890e8f1371d2fd103f70b59c9c"},
    {file = "coverage-7.16.1-cp315-cp315-musllinux_1_2_i686.whl", hash = "sha256:db651a9cf325a542bc2b7b8cc8f1b2bdc6492739bae3103731b2f1c85b96cff6"},
    {file = "coverage-7.16.1-cp315-cp315-musllinux_1_2_ppc64le.whl", hash = "sha256:4184e78a4465dcda359fb403172b8951dd220929cb0984c02fabca1742fff06f"},
    {file = "coverage-7.16.1-cp315-cp315-musllinux_1_2_riscv64.whl", hash = "sha256:bc53c3f3adaa939b7a063533ffe0ae1259e7073393c618043a99a6970a87e3df"},
    {file = "coverage-7.16.1-cp315-cp315-musllinux_1_2_x86_64.whl", hash = "sha256:b44308854ef210b9b78df9cdfd4e159513382a859f5ef8464306d14a54c2a040"},
    {file = "coverage-7.16.1-cp315-cp315-win32.whl", hash = "sha256:dccc142614d3419ed71857deb43f1d757829a4c7fce9994464b71e7e38309827"},
    {file = "coverage-7.16.1-cp315-cp315-win_amd64.whl", hash = "sha256:961fc424e9d5229a99f8f1189942d8e7f4e1519147c3af64842f944aca03914d"},
    {file = "coverage-7.16.1-cp315-cp315-win_arm64.whl", hash = "sha256:681a9488c5a234397c4f013da065aa9e53eb7af4c78f1f80c6f15e7208acb855"},
    {file = "coverage-7.16.1-cp315-cp315t-macosx_10_15_x86_64.whl", hash = "sha256:8bb09a2d19b04db1fa0e087a7ca4f12458f7e0e7364cfcd838441d86fb1c61f6"},
    {file = "coverage-7.16.1-cp315-cp315t-macosx_11_0_arm64.whl", hash = "sha256:2270a794600b635ca9452ce4c32e2fe81a35f9caa17ffac0eba99f14f275bd4d"},
    {file = "coverage-7.16.1-cp315-cp315t-manylinux1_i686.manylinux_2_28_i686.manylinux_2_5_i686.whl", hash = "sha256:a4eff405b545dfcf79cf0d9d3ff750e5c5a887aa066114175193a81d249c5ee6"},
    {file = "coverage-7.16.1-cp315-cp315t-manylinux1_x86_64.manylinux_2_28_x86_64.manylinux_2_5_x86_64.whl", hash = "sha256:ee1d5fc9e3bd6a217906929cc97880239a91d20dae7746f538eb0eefee705ab1"},
    {file = "coverage-7.16.1-cp315-cp315t-manylinux2014_aarch64.manylinux_2_17_aarch64.manylinux_2_28_aarch64.whl", hash = "sha256:d4ec944947de098ad5a1738413f9364689a57067ecbc328e9de37218aa1e5cc1"},
    {file = "coverage-7.16.1-cp315-cp315t-manylinux2014_ppc64le.manylinux_2_17_ppc64le.manylinux_2_28_ppc64le.whl", hash = "sha256:3f73ee3956fde2d461c9e2955dd48166e4821fc8587d135e8780fb84da2a098b"},
    {file = "coverage-7.16.1-cp315-cp315t-manylinux_2_31_riscv64.manylinux_2_39_riscv64.whl", hash = "sha256:1ec9a4ee989c0d06ad95add0dbfdbb72b00ef53f43431ca0b612384e7878e5de"},
    {file = "coverage-7.16.1-cp315-cp315t-musllinux_1_2_aarch64.whl", hash = "sha256:7e5727b2508f817f3126d6c33327dda32fe69d15514badfcd61db8bc4209ecef"},
    {file = "coverage-7.16.1-cp315-cp315t-musllinux_1_2_i686.whl", hash = "sha256:19a3ea2f364012ef06678118fffdc92442a16bef4a5c8ad4f4019dd8f9ac8876"},
    {file = "coverage-7.16.1-cp315-cp315t-musllinux_1_2_ppc64le.whl", hash = "sha256:996c2b891b441ec2b39725ee3e8386e2f11b4894b92be225fdfd54a3eeada2c8"},
    {file = "coverage-7.16.1-cp315-cp315t-musllinux_1_2_riscv64.whl", hash = "sha256:a125fac1f6b1e88488d208a86b578e1790e3c4937f2e1568d23356141d236220"},
    {file = "coverage-7.16.1-cp315-cp315t-musllinux_1_2_x86_64.whl", hash = "sha256:b10095528b866d322d33d6bf1709b7f8cbf959f12e8cb2ba22fc59c8717866b0"},
    {file = "coverage-7.16.1-cp315-cp315t-win32.whl", hash = "sha256:531d9be377fdcc05593b974656872eb82e808ebeb42a72515e3aaeb8bb7166f5"},
    {file = "coverage-7.16.1-cp315-cp315t-win_amd64.whl", hash = "sha256:46a88f51770df7c9bc376bd57d3f86cdc7624b8e16ac4b585a655c22b7a1b4db"},
    {file = "coverage-7.16.1-cp315-cp315t-win_arm64.whl", hash = "sha256:7580432cbe1e8b762660ae5806f04f869e1c02e519836a43f8094437e561e9f0"},
    {file = "coverage-7.16.1-py3-none-any.whl", hash = "sha256:3d8bd4e58b6a5c2018d808f297905393c6c61da466a48c3f0596a76a4900ebe4"},
    {file = "coverage-7.16.1.tar.gz", hash = "sha256:f83981779bcf9dfa06fa0a8d4cb43e0faec1706328ce07aa3e7b665b4ac0f210"},
]

[package.extras]
toml = ["tomli"]

[[package]]
name = "distlib"
version = "0.4.0"
description = "Distribution utilities"
optional = false
python-versions = "*"
files = [
    {file = "distlib-0.4.0-py2.py3-none-any.whl", hash = "sha256:9659f7d87e46584a30b5780e43ac7a2143098441670ff0a49d5f9034c54a6c16"},
    {file = "distlib-0.4.0.tar.gz", hash = "sha256:feec40075be03a04501a973d81f633735b4b69f98b05450592310c0f401a4e0d"},
]

[[package]]
name = "exceptiongroup"
version = "1.3.0"
description = "Backport of PEP 654 (exception groups)"
optional = false
python-versions = ">=3.7"
files = [
    {file = "exceptiongroup-1.3.0-py3-none-any.whl", hash = "sha256:4d111e6e0c13d0644cad6ddaa7ed0261a0b36971f6d23e7ec9b4b9097da78a10"},
    {file = "exceptiongroup-1.3.0.tar.gz", hash = "sha256:b241f5885f560bc56a59ee63ca4c6a8bfa46ae4ad651af316d4e81817bb9fd88"},
]

[package.dependencies]
typing-extensions = {version = ">=4.6.0", markers = "python_version < \"3.13\""}

[package.extras]
test = ["pytest (>=6)"]

[[package]]
name = "filelock"
version = "3.18.0"
description = "A platform independent file lock."
optional = false
python-versions = ">=3.9"
files = [
    {file = "filelock-3.18.0-py3-none-any.whl", hash = "sha256:c401f4f8377c4464e6db25fff06205fd89bdd83b65eb0488ed1b160f780e21de"},
    {file = "filelock-3.18.0.tar.gz", hash = "sha256:adbc88eabb99d2fec8c9c1b229b171f18afa655400173ddc653d5d01501fb9f2"},
]

[package.extras]
docs = ["furo (>=2024.8.6)", "sphinx (>=8.1.3)", "sphinx-autodoc-typehints (>=3)"]
testing = ["covdefaults (>=2.3)", "coverage (>=7.6.10)", "diff-cover (>=9.2.1)", "pytest (>=8.3.4)", "pytest-asyncio (>=0.25.2)", "pytest-cov (>=6)", "pytest-mock (>=3.14)", "pytest-timeout (>=2.3.1)", "virtualenv (>=20.28.1)"]
typing = ["typing-extensions (>=4.12.2)"]

[[package]]
name = "identify"
version = "2.6.12"
description = "File identification library for Python"
optional = false
python-versions = ">=3.9"
files = [
    {file = "identify-2.6.12-py2.py3-none-any.whl", hash = "sha256:ad9672d5a72e0d2ff7c5c8809b62dfa60458626352fb0eb7b55e69bdc45334a2"},
    {file = "identify-2.6.12.tar.gz", hash = "sha256:d8de45749f1efb108badef65ee8386f0f7bb19a7f26185f74de6367bffbaf0e6"},
]

[package.extras]
license = ["ukkonen"]

[[package]]
name = "iniconfig"
version = "2.1.0"
description = "brain-dead simple config-ini parsing"
optional = false
python-versions = ">=3.8"
files = [
    {file = "iniconfig-2.1.0-py3-none-any.whl", hash = "sha256:9deba5723312380e77435581c6bf4935c94cbfab9b1ed33ef8d238ea168eb760"},
    {file = "iniconfig-2.1.0.tar.gz", hash = "sha256:3abbd2e30b36733fee78f9c7f7308f2d0050e88f0087fd25c2645f63c773e1c7"},
]

[[package]]
name = "nodeenv"
version = "1.9.1"
description = "Node.js virtual environment builder"
optional = false
python-versions = "!=3.0.*,!=3.1.*,!=3.2.*,!=3.3.*,!=3.4.*,!=3.5.*,!=3.6.*,>=2.7"
files = [
    {file = "nodeenv-1.9.1-py2.py3-none-any.whl", hash = "sha256:ba11c9782d29c27c70ffbdda2d7415098754709be8a7056d79a737cd901155c9"},
    {file = "nodeenv-1.9.1.tar.gz", hash = "sha256:6ec12890a2dab7946721edbfbcd91f3319c6ccc9aec47be7c7e6b7011ee6645f"},
]

[[package]]
name = "numpy"
version = "1.26.4"
description = "Fundamental package for array computing in Python"
optional = false
python-versions = ">=3.9"
files = [
    {file = "numpy-1.26.4-cp310-cp310-macosx_10_9_x86_64.whl", hash = "sha256:9ff0f4f29c51e2803569d7a51c2304de5554655a60c5d776e35b4a41413830d0"},
    {file = "numpy-1.26.4-cp310-cp310-macosx_11_0_arm64.whl", hash = "sha256:2e4ee3380d6de9c9ec04745830fd9e2eccb3e6cf790d39d7b98ffd19b0dd754a"},
    {file = "numpy-1.26.4-cp310-cp310-manylinux_2_17_aarch64.manylinux2014_aarch64.whl", hash = "sha256:d209d8969599b27ad20994c8e41936ee0964e6da07478d6c35016bc386b66ad4"},
    {file = "numpy-1.26.4-cp310-cp310-manylinux_2_17_x86_64.manylinux2014_x86_64.whl", hash = "sha256:ffa75af20b44f8dba823498024771d5ac50620e6915abac414251bd971b4529f"},
    {file = "numpy-1.26.4-cp310-cp310-musllinux_1_1_aarch64.whl", hash = "sha256:62b8e4b1e28009ef2846b4c7852046736bab361f7aeadeb6a5b89ebec3c7055a"},
    {file = "numpy-1.26.4-cp310-cp310-musllinux_1_1_x86_64.whl", hash = "sha256:a4abb4f9001ad2858e7ac189089c42178fcce737e4169dc61321660f1a96c7d2"},
    {file = "numpy-1.26.4-cp310-cp310-win32.whl", hash = "sha256:bfe25acf8b437eb2a8b2d49d443800a5f18508cd811fea3181723922a8a82b07"},
    {file = "numpy-1.26.4-cp310-cp310-win_amd64.whl", hash = "sha256:b97fe8060236edf3662adfc2c633f56a08ae30560c56310562cb4f95500022d5"},
    {file = "numpy-1.26.4-cp311-cp311-macosx_10_9_x86_64.whl", hash = "sha256:4c66707fabe114439db9068ee468c26bbdf909cac0fb58686a42a24de1760c71"},
    {file = "numpy-1.26.4-cp311-cp311-macosx_11_0_arm64.whl", hash = "sha256:edd8b5fe47dab091176d21bb6de568acdd906d1887a4584a15a9a96a1dca06ef"},
    {file = "numpy-1.26.4-cp311-cp311-manylinux_2_17_aarch64.manylinux2014_aarch64.whl", hash = "sha256:7ab55401287bfec946ced39700c053796e7cc0e3acbef09993a9ad2adba6ca6e"},
    {file = "numpy-1.26.4-cp311-cp311-manylinux_2_17_x86_64.manylinux2014_x86_64.whl", hash = "sha256:666dbfb6ec68962c033a450943ded891bed2d54e6755e35e5835d63f4f6931d5"},
    {file = "numpy-1.26.4-cp311-cp311-musllinux_1_1_aarch64.whl", hash = "sha256:96ff0b2ad353d8f990b63294c8986f1ec3cb19d749234014f4e7eb0112ceba5a"},
    {file = "numpy-1.26.4-cp311-cp311-musllinux_1_1_x86_64.whl", hash = "sha256:60dedbb91afcbfdc9bc0b1f3f402804070deed7392c23eb7a7f07fa857868e8a"},
    {file = "numpy-1.26.4-cp311-cp311-win32.whl", hash = "sha256:1af303d6b2210eb850fcf03064d364652b7120803a0b872f5211f5234b399f20"},
    {file = "numpy-1.26.4-cp311-cp311-win_amd64.whl", hash = "sha256:cd25bcecc4974d09257ffcd1f098ee778f7834c3ad767fe5db785be9a4aa9cb2"},
    {file = "numpy-1.26.4-cp312-cp312-macosx_10_9_x86_64.whl", hash = "sha256:b3ce300f3644fb06443ee2222c2201dd3a89ea6040541412b8fa189341847218"},
    {file = "numpy-1.26.4-cp312-cp312-macosx_11_0_arm64.whl", hash = "sha256:03a8c78d01d9781b28a6989f6fa1bb2c4f2d51201cf99d3dd875df6fbd96b23b"},
    {file = "numpy-1.26.4-cp312-cp312-manylinux_2_17_aarch64.manylinux2014_aarch64.whl", hash = "sha256:9fad7dcb1aac3c7f0584a5a8133e3a43eeb2fe127f47e3632d43d677c66c102b"},
    {file = "numpy-1.26.4-cp312-cp312-manylinux_2_17_x86_64.manylinux2014_x86_64.whl", hash = "sha256:675d61ffbfa78604709862923189bad94014bef562cc35cf61d3a07bba02a7ed"},
    {file = "numpy-1.26.4-cp312-cp312-musllinux_1_1_aarch64.whl", hash = "sha256:ab47dbe5cc8210f55aa58e4805fe224dac469cde56b9f731a4c098b91917159a"},
    {file = "numpy-1.26.4-cp312-cp312-musllinux_1_1_x86_64.whl", hash = "sha256:1dda2e7b4ec9dd512f84935c5f126c8bd8b9f2fc001e9f54af255e8c5f16b0e0"},
    {file = "numpy-1.26.4-cp312-cp312-win32.whl", hash = "sha256:50193e430acfc1346175fcbdaa28ffec49947a06918b7b92130744e81e640110"},
    {file = "numpy-1.26.4-cp312-cp312-win_amd64.whl", hash = "sha256:08beddf13648eb95f8d867350f6a018a4be2e5ad54c8d8caed89ebca558b2818"},
    {file = "numpy-1.26.4-cp39-cp39-macosx_10_9_x86_64.whl", hash = "sha256:7349ab0fa0c429c82442a27a9673fc802ffdb7c7775fad780226cb234965e53c"},
    {file = "numpy-1.26.4-cp39-cp39-macosx_11_0_arm64.whl", hash = "sha256:52b8b60467cd7dd1e9ed082188b4e6bb35aa5cdd01777621a1658910745b90be"},
    {file = "numpy-1.26.4-cp39-cp39-manylinux_2_17_aarch64.manylinux2014_aarch64.whl", hash = "sha256:d5241e0a80d808d70546c697135da2c613f30e28251ff8307eb72ba696945764"},
    {file = "numpy-1.26.4-cp39-cp39-manylinux_2_17_x86_64.manylinux2014_x86_64.whl", hash = "sha256:f870204a840a60da0b12273ef34f7051e98c3b5961b61b0c2c1be6dfd64fbcd3"},
    {file = "numpy-1.26.4-cp39-cp39-musllinux_1_1_aarch64.whl", hash = "sha256:679b0076f67ecc0138fd2ede3a8fd196dddc2ad3254069bcb9faf9a79b1cebcd"},
    {file = "numpy-1.26.4-cp39-cp39-musllinux_1_1_x86_64.whl", hash = "sha256:47711010ad8555514b434df65f7d7b076bb8261df1ca9bb78f53d3b2db02e95c"},
    {file = "numpy-1.26.4-cp39-cp39-win32.whl", hash = "sha256:a354325ee03388678242a4d7ebcd08b5c727033fcff3b2f536aea978e15ee9e6"},
    {file = "numpy-1.26.4-cp39-cp39-win_amd64.whl", hash = "sha256:3373d5d70a5fe74a2c1bb6d2cfd9609ecf686d47a2d7b1d37a8f3b6bf6003aea"},
    {file = "numpy-1.26.4-pp39-pypy39_pp73-macosx_10_9_x86_64.whl", hash = "sha256:afedb719a9dcfc7eaf2287b839d8198e06dcd4cb5d276a3df279231138e83d30"},
    {file = "numpy-1.26.4-pp39-pypy39_pp73-manylinux_2_17_x86_64.manylinux2014_x86_64.whl", hash = "sha256:95a7476c59002f2f6c590b9b7b998306fba6a5aa646b1e22ddfeaf8f78c3a29c"},
    {file = "numpy-1.26.4-pp39-pypy39_pp73-win_amd64.whl", hash = "sha256:7e50d0a0cc3189f9cb0aeb3a6a6af18c16f59f004b866cd2be1c14b36134a4a0"},
    {file = "numpy-1.26.4.tar.gz", hash = "sha256:2a02aba9ed12e4ac4eb3ea9421c420301a0c6460d9830d74a9df87efa4912010"},
]

[[package]]
name = "packaging"
version = "25.0"
description = "Core utilities for Python packages"
optional = false
python-versions = ">=3.8"
files = [
    {file = "packaging-25.0-py3-none-any.whl", hash = "sha256:29572ef2b1f17581046b3a2227d5c611fb25ec70ca1ba8554b24b0e69331a484"},
    {file = "packaging-25.0.tar.gz", hash = "sha256:d443872c98d677bf60f6a1f2f8c1cb748e8fe762d2bf9d3148b5599295b0fc4f"},
]

[[package]]
name = "platformdirs"
version = "4.3.8"
description = "A small Python package for determining appropriate platform-specific dirs, e.g. a `user data dir`."
optional = false
python-versions = ">=3.9"
files = [
    {file = "platformdirs-4.3.8-py3-none-any.whl", hash = "sha256:ff7059bb7eb1179e2685604f4aaf157cfd9535242bd23742eadc3c13542139b4"},
    {file = "platformdirs-4.3.8.tar.gz", hash = "sha256:3d512d96e16bcb959a814c9f348431070822a6496326a4be0911c40b5a74c2bc"},
]

[package.extras]
docs = ["furo (>=2024.8.6)", "proselint (>=0.14)", "sphinx (>=8.1.3)", "sphinx-autodoc-typehints (>=3)"]
test = ["appdirs (==1.4.4)", "covdefaults (>=2.3)", "pytest (>=8.3.4)", "pytest-cov (>=6)", "pytest-mock (>=3.14)"]
type = ["mypy (>=1.14.1)"]

[[package]]
name = "pluggy"
version = "1.6.0"
description = "plugin and hook calling mechanisms for python"
optional = false
python-versions = ">=3.9"
files = [
    {file = "pluggy-1.6.0-py3-none-any.whl", hash = "sha256:e920276dd6813095e9377c0bc5566d94c932c33b27a3e3945d8389c374dd4746"},
    {file = "pluggy-1.6.0.tar.gz", hash = "sha256:7dcc130b76258d33b90f61b658791dede3486c3e6bfb003ee5c9bfb396dd22f3"},
]

[package.extras]
dev = ["pre-commit", "tox"]
testing = ["coverage", "pytest", "pytest-benchmark"]

[[package]]
name = "pre-commit"
version = "3.8.0"
description = "A framework for managing and maintaining multi-language pre-commit hooks."
optional = false
python-versions = ">=3.9"
files = [
    {file = "pre_commit-3.8.0-py2.py3-none-any.whl", hash = "sha256:9a90a53bf82fdd8778d58085faf8d83df56e40dfe18f45b19446e26bf1b3a63f"},
    {file = "pre_commit-3.8.0.tar.gz", hash = "sha256:8bb6494d4a20423842e198980c9ecf9f96607a07ea29549e180eef9ae80fe7af"},
]

[package.dependencies]
cfgv = ">=2.0.0"
identify = ">=1.0.0"
nodeenv = ">=0.11.1"
pyyaml = ">=5.1"
virtualenv = ">=20.10.0"

[[package]]
name = "pytest"
version = "7.4.4"
description = "pytest: simple powerful testing with Python"
optional = false
python-versions = ">=3.7"
files = [
    {file = "pytest-7.4.4-py3-none-any.whl", hash = "sha256:b090cdf5ed60bf4c45261be03239c2c1c22df034fbffe691abe93cd80cea01d8"},
    {file = "pytest-7.4.4.tar.gz", hash = "sha256:2cf0005922c6ace4a3e2ec8b4080eb0d9753fdc93107415332f50ce9e7994280"},
]

[package.dependencies]
colorama = {version = "*", markers = "sys_platform == \"win32\""}
exceptiongroup = {version = ">=1.0.0rc8", markers = "python_version < \"3.11\""}
iniconfig = "*"
packaging = "*"
pluggy = ">=0.12,<2.0"
tomli = {version = ">=1.0.0", markers = "python_version < \"3.11\""}

[package.extras]
testing = ["argcomplete", "attrs (>=19.2.0)", "hypothesis (>=3.56)", "mock", "nose", "pygments (>=2.7.2)", "requests", "setuptools", "xmlschema"]

[[package]]
name = "pyyaml"
version = "6.0.2"
description = "YAML parser and emitter for Python"
optional = false
python-versions = ">=3.8"
files = [
    {file = "PyYAML-6.0.2-cp310-cp310-macosx_10_9_x86_64.whl", hash = "sha256:0a9a2848a5b7feac301353437eb7d5957887edbf81d56e903999a75a3d743086"},
    {file = "PyYAML-6.0.2-cp310-cp310-macosx_11_0_arm64.whl", hash = "sha256:29717114e51c84ddfba879543fb232a6ed60086602313ca38cce623c1d62cfbf"},
    {file = "PyYAML-6.0.2-cp310-cp310-manylinux_2_17_aarch64.manylinux2014_aarch64.whl", hash = "sha256:8824b5a04a04a047e72eea5cec3bc266db09e35de6bdfe34c9436ac5ee27d237"},
    {file = "PyYAML-6.0.2-cp310-cp310-manylinux_2_17_s390x.manylinux2014_s390x.whl", hash = "sha256:7c36280e6fb8385e520936c3cb3b8042851904eba0e58d277dca80a5cfed590b"},
    {file = "PyYAML-6.0.2-cp310-cp310-manylinux_2_17_x86_64.manylinux2014_x86_64.whl", hash = "sha256:ec031d5d2feb36d1d1a24380e4db6d43695f3748343d99434e6f5f9156aaa2ed"},
    {file = "PyYAML-6.0.2-cp310-cp310-musllinux_1_1_aarch64.whl", hash = "sha256:936d68689298c36b53b29f23c6dbb74de12b4ac12ca6cfe0e047bedceea56180"},
    {file = "PyYAML-6.0.2-cp310-cp310-musllinux_1_1_x86_64.whl", hash = "sha256:23502f431948090f597378482b4812b0caae32c22213aecf3b55325e049a6c68"},
    {file = "PyYAML-6.0.2-cp310-cp310-win32.whl", hash = "sha256:2e99c6826ffa974fe6e27cdb5ed0021786b03fc98e5ee3c5bfe1fd5015f42b99"},
    {file = "PyYAML-6.0.2-cp310-cp310-win_amd64.whl", hash = "sha256:a4d3091415f010369ae4ed1fc6b79def9416358877534caf6a0fdd2146c87a3e"},
    {file = "PyYAML-6.0.2-cp311-cp311-macosx_10_9_x86_64.whl", hash = "sha256:cc1c1159b3d456576af7a3e4d1ba7e6924cb39de8f67111c735f6fc832082774"},
    {file = "PyYAML-6.0.2-cp311-cp311-macosx_11_0_arm64.whl", hash = "sha256:1e2120ef853f59c7419231f3bf4e7021f1b936f6ebd222406c3b60212205d2ee"},
    {file = "PyYAML-6.0.2-cp311-cp311-manylinux_2_17_aarch64.manylinux2014_aarch64.whl", hash = "sha256:5d225db5a45f21e78dd9358e58a98702a0302f2659a3c6cd320564b75b86f47c"},
    {file = "PyYAML-6.0.2-cp311-cp311-manylinux_2_17_s390x.manylinux2014_s390x.whl", hash = "sha256:5ac9328ec4831237bec75defaf839f7d4564be1e6b25ac710bd1a96321cc8317"},
    {file = "PyYAML-6.0.2-cp311-cp311-manylinux_2_17_x86_64.manylinux2014_x86_64.whl", hash = "sha256:3ad2a3decf9aaba3d29c8f537ac4b243e36bef957511b4766cb0057d32b0be85"},
    {file = "PyYAML-6.0.2-cp311-cp311-musllinux_1_1_aarch64.whl", hash = "sha256:ff3824dc5261f50c9b0dfb3be22b4567a6f938ccce4587b38952d85fd9e9afe4"},
    {file = "PyYAML-6.0.2-cp311-cp311-musllinux_1_1_x86_64.whl", hash = "sha256:797b4f722ffa07cc8d62053e4cff1486fa6dc094105d13fea7b1de7d8bf71c9e"},
    {file = "PyYAML-6.0.2-cp311-cp311-win32.whl", hash = "sha256:11d8f3dd2b9c1207dcaf2ee0bbbfd5991f571186ec9cc78427ba5bd32afae4b5"},
    {file = "PyYAML-6.0.2-cp311-cp311-win_amd64.whl", hash = "sha256:e10ce637b18caea04431ce14fabcf5c64a1c61ec9c56b071a4b7ca131ca52d44"},
    {file = "PyYAML-6.0.2-cp312-cp312-macosx_10_9_x86_64.whl", hash = "sha256:c70c95198c015b85feafc136515252a261a84561b7b1d51e3384e0655ddf25ab"},
    {file = "PyYAML-6.0.2-cp312-cp312-macosx_11_0_arm64.whl", hash = "sha256:ce826d6ef20b1bc864f0a68340c8b3287705cae2f8b4b1d932177dcc76721725"},
    {file = "PyYAML-6.0.2-cp312-cp312-manylinux_2_17_aarch64.manylinux2014_aarch64.whl", hash = "sha256:1f71ea527786de97d1a0cc0eacd1defc0985dcf6b3f17bb77dcfc8c34bec4dc5"},
    {file = "PyYAML-6.0.2-cp312-cp312-manylinux_2_17_s390x.manylinux2014_s390x.whl", hash = "sha256:9b22676e8097e9e22e36d6b7bda33190d0d400f345f23d4065d48f4ca7ae0425"},
    {file = "PyYAML-6.0.2-cp312-cp312-manylinux_2_17_x86_64.manylinux2014_x86_64.whl", hash = "sha256:80bab7bfc629882493af4aa31a4cfa43a4c57c83813253626916b8c7ada83476"},
    {file = "PyYAML-6.0.2-cp312-cp312-musllinux_1_1_aarch64.whl", hash = "sha256:0833f8694549e586547b576dcfaba4a6b55b9e96098b36cdc7ebefe667dfed48"},
    {file = "PyYAML-6.0.2-cp312-cp312-musllinux_1_1_x86_64.whl", hash = "sha256:8b9c7197f7cb2738065c481a0461e50ad02f18c78cd75775628afb4d7137fb3b"},
    {file = "PyYAML-6.0.2-cp312-cp312-win32.whl", hash = "sha256:ef6107725bd54b262d6dedcc2af448a266975032bc85ef0172c5f059da6325b4"},
    {file = "PyYAML-6.0.2-cp312-cp312-win_amd64.whl", hash = "sha256:7e7401d0de89a9a855c839bc697c079a4af81cf878373abd7dc625847d25cbd8"},
    {file = "PyYAML-6.0.2-cp313-cp313-macosx_10_13_x86_64.whl", hash = "sha256:efdca5630322a10774e8e98e1af481aad470dd62c3170801852d752aa7a783ba"},
    {file = "PyYAML-6.0.2-cp313-cp313-macosx_11_0_arm64.whl", hash = "sha256:50187695423ffe49e2deacb8cd10510bc361faac997de9efef88badc3bb9e2d1"},
    {file = "PyYAML-6.0.2-cp313-cp313-manylinux_2_17_aarch64.manylinux2014_aarch64.whl", hash = "sha256:0ffe8360bab4910ef1b9e87fb812d8bc0a308b0d0eef8c8f44e0254ab3b07133"},
    {file = "PyYAML-6.0.2-cp313-cp313-manylinux_2_17_s390x.manylinux2014_s390x.whl", hash = "sha256:17e311b6c678207928d649faa7cb0d7b4c26a0ba73d41e99c4fff6b6c3276484"},
    {file = "PyYAML-6.0.2-cp313-cp313-manylinux_2_17_x86_64.manylinux2014_x86_64.whl", hash = "sha256:70b189594dbe54f75ab3a1acec5f1e3faa7e8cf2f1e08d9b561cb41b845f69d5"},
    {file = "PyYAML-6.0.2-cp313-cp313-musllinux_1_1_aarch64.whl", hash = "sha256:41e4e3953a79407c794916fa277a82531dd93aad34e29c2a514c2c0c5fe971cc"},
    {file = "PyYAML-6.0.2-cp313-cp313-musllinux_1_1_x86_64.whl", hash = "sha256:68ccc6023a3400877818152ad9a1033e3db8625d899c72eacb5a668902e4d652"},
    {file = "PyYAML-6.0.2-cp313-cp313-win32.whl", hash = "sha256:bc2fa7c6b47d6bc618dd7fb02ef6fdedb1090ec036abab80d4681424b84c1183"},
    {file = "PyYAML-6.0.2-cp313-cp313-win_amd64.whl", hash = "sha256:8388ee1976c416731879ac16da0aff3f63b286ffdd57cdeb95f3f2e085687563"},
    {file = "PyYAML-6.0.2-cp38-cp38-macosx_10_9_x86_64.whl", hash = "sha256:24471b829b3bf607e04e88d79542a9d48bb037c2267d7927a874e6c205ca7e9a"},
    {file = "PyYAML-6.0.2-cp38-cp38-manylinux_2_17_aarch64.manylinux2014_aarch64.whl", hash = "sha256:d7fded462629cfa4b685c5416b949ebad6cec74af5e2d42905d41e257e0869f5"},
    {file = "PyYAML-6.0.2-cp38-cp38-manylinux_2_17_s390x.manylinux2014_s390x.whl", hash = "sha256:d84a1718ee396f54f3a086ea0a66d8e552b2ab2017ef8b420e92edbc841c352d"},
    {file = "PyYAML-6.0.2-cp38-cp38-manylinux_2_17_x86_64.manylinux2014_x86_64.whl", hash = "sha256:9056c1ecd25795207ad294bcf39f2db3d845767be0ea6e6a34d856f006006083"},
    {file = "PyYAML-6.0.2-cp38-cp38-musllinux_1_1_x86_64.whl", hash = "sha256:82d09873e40955485746739bcb8b4586983670466c23382c19cffecbf1fd8706"},
    {file = "PyYAML-6.0.2-cp38-cp38-win32.whl", hash = "sha256:43fa96a3ca0d6b1812e01ced1044a003533c47f6ee8aca31724f78e93ccc089a"},
    {file = "PyYAML-6.0.2-cp38-cp38-win_amd64.whl", hash = "sha256:01179a4a8559ab5de078078f37e5c1a30d76bb88519906844fd7bdea1b7729ff"},
    {file = "PyYAML-6.0.2-cp39-cp39-macosx_10_9_x86_64.whl", hash = "sha256:688ba32a1cffef67fd2e9398a2efebaea461578b0923624778664cc1c914db5d"},
    {file = "PyYAML-6.0.2-cp39-cp39-macosx_11_0_arm64.whl", hash = "sha256:a8786accb172bd8afb8be14490a16625cbc387036876ab6ba70912730faf8e1f"},
    {file = "PyYAML-6.0.2-cp39-cp39-manylinux_2_17_aarch64.manylinux2014_aarch64.whl", hash = "sha256:d8e03406cac8513435335dbab54c0d385e4a49e4945d2909a581c83647ca0290"},
    {file = "PyYAML-6.0.2-cp39-cp39-manylinux_2_17_s390x.manylinux2014_s390x.whl", hash = "sha256:f753120cb8181e736c57ef7636e83f31b9c0d1722c516f7e86cf15b7aa57ff12"},
    {file = "PyYAML-6.0.2-cp39-cp39-manylinux_2_17_x86_64.manylinux2014_x86_64.whl", hash = "sha256:3b1fdb9dc17f5a7677423d508ab4f243a726dea51fa5e70992e59a7411c89d19"},
    {file = "PyYAML-6.0.2-cp39-cp39-musllinux_1_1_aarch64.whl", hash = "sha256:0b69e4ce7a131fe56b7e4d770c67429700908fc0752af059838b1cfb41960e4e"},
    {file = "PyYAML-6.0.2-cp39-cp39-musllinux_1_1_x86_64.whl", hash = "sha256:a9f8c2e67970f13b16084e04f134610fd1d374bf477b17ec1599185cf611d725"},
    {file = "PyYAML-6.0.2-cp39-cp39-win32.whl", hash = "sha256:6395c297d42274772abc367baaa79683958044e5d3835486c16da75d2a694631"},
    {file = "PyYAML-6.0.2-cp39-cp39-win_amd64.whl", hash = "sha256:39693e1f8320ae4f43943590b49779ffb98acb81f788220ea932a6b6c51004d8"},
    {file = "pyyaml-6.0.2.tar.gz", hash = "sha256:d584d9ec91ad65861cc08d42e834324ef890a082e591037abe114850ff7bbc3e"},
]

[[package]]
name = "tomli"
version = "2.2.1"
description = "A lil' TOML parser"
optional = false
python-versions = ">=3.8"
files = [
    {file = "tomli-2.2.1-cp311-cp311-macosx_10_9_x86_64.whl", hash = "sha256:678e4fa69e4575eb77d103de3df8a895e1591b48e740211bd1067378c69e8249"},
    {file = "tomli-2.2.1-cp311-cp311-macosx_11_0_arm64.whl", hash = "sha256:023aa114dd824ade0100497eb2318602af309e5a55595f76b626d6d9f3b7b0a6"},
    {file = "tomli-2.2.1-cp311-cp311-manylinux_2_17_aarch64.manylinux2014_aarch64.whl", hash = "sha256:ece47d672db52ac607a3d9599a9d48dcb2f2f735c6c2d1f34130085bb12b112a"},
    {file = "tomli-2.2.1-cp311-cp311-manylinux_2_17_x86_64.manylinux2014_x86_64.whl", hash = "sha256:6972ca9c9cc9f0acaa56a8ca1ff51e7af152a9f87fb64623e31d5c83700080ee"},
    {file = "tomli-2.2.1-cp311-cp311-manylinux_2_5_i686.manylinux1_i686.manylinux_2_17_i686.manylinux2014_i686.whl", hash = "sha256:c954d2250168d28797dd4e3ac5cf812a406cd5a92674ee4c8f123c889786aa8e"},
    {file = "tomli-2.2.1-cp311-cp311-musllinux_1_2_aarch64.whl", hash = "sha256:8dd28b3e155b80f4d54beb40a441d366adcfe740969820caf156c019fb5c7ec4"},
    {file = "tomli-2.2.1-cp311-cp311-musllinux_1_2_i686.whl", hash = "sha256:e59e304978767a54663af13c07b3d1af22ddee3bb2fb0618ca1593e4f593a106"},
    {file = "tomli-2.2.1-cp311-cp311-musllinux_1_2_x86_64.whl", hash = "sha256:33580bccab0338d00994d7f16f4c4ec25b776af3ffaac1ed74e0b3fc95e885a8"},
    {file = "tomli-2.2.1-cp311-cp311-win32.whl", hash = "sha256:465af0e0875402f1d226519c9904f37254b3045fc5084697cefb9bdde1ff99ff"},
    {file = "tomli-2.2.1-cp311-cp311-win_amd64.whl", hash = "sha256:2d0f2fdd22b02c6d81637a3c95f8cd77f995846af7414c5c4b8d0545afa1bc4b"},
    {file = "tomli-2.2.1-cp312-cp312-macosx_10_13_x86_64.whl", hash = "sha256:4a8f6e44de52d5e6c657c9fe83b562f5f4256d8ebbfe4ff922c495620a7f6cea"},
    {file = "tomli-2.2.1-cp312-cp312-macosx_11_0_arm64.whl", hash = "sha256:8d57ca8095a641b8237d5b079147646153d22552f1c637fd3ba7f4b0b29167a8"},
    {file = "tomli-2.2.1-cp312-cp312-manylinux_2_17_aarch64.manylinux2014_aarch64.whl", hash = "sha256:4e340144ad7ae1533cb897d406382b4b6fede8890a03738ff1683af800d54192"},
    {file = "tomli-2.2.1-cp312-cp312-manylinux_2_17_x86_64.manylinux2014_x86_64.whl", hash = "sha256:db2b95f9de79181805df90bedc5a5ab4c165e6ec3fe99f970d0e302f384ad222"},
    {file = "tomli-2.2.1-cp312-cp312-manylinux_2_5_i686.manylinux1_i686.manylinux_2_17_i686.manylinux2014_i686.whl", hash = "sha256:40741994320b232529c802f8bc86da4e1aa9f413db394617b9a256ae0f9a7f77"},
    {file = "tomli-2.2.1-cp312-cp312-musllinux_1_2_aarch64.whl", hash = "sha256:400e720fe168c0f8521520190686ef8ef033fb19fc493da09779e592861b78c6"},
    {file = "tomli-2.2.1-cp312-cp312-musllinux_1_2_i686.whl", hash = "sha256:02abe224de6ae62c19f090f68da4e27b10af2b93213d36cf44e6e1c5abd19fdd"},
    {file = "tomli-2.2.1-cp312-cp312-musllinux_1_2_x86_64.whl", hash = "sha256:b82ebccc8c8a36f2094e969560a1b836758481f3dc360ce9a3277c65f374285e"},
    {file = "tomli-2.2.1-cp312-cp312-win32.whl", hash = "sha256:889f80ef92701b9dbb224e49ec87c645ce5df3fa2cc548664eb8a25e03127a98"},
    {file = "tomli-2.2.1-cp312-cp312-win_amd64.whl", hash = "sha256:7fc04e92e1d624a4a63c76474610238576942d6b8950a2d7f908a340494e67e4"},
    {file = "tomli-2.2.1-cp313-cp313-macosx_10_13_x86_64.whl", hash = "sha256:f4039b9cbc3048b2416cc57ab3bda989a6fcf9b36cf8937f01a6e731b64f80d7"},
    {file = "tomli-2.2.1-cp313-cp313-macosx_11_0_arm64.whl", hash = "sha256:286f0ca2ffeeb5b9bd4fcc8d6c330534323ec51b2f52da063b11c502da16f30c"},
    {file = "tomli-2.2.1-cp313-cp313-manylinux_2_17_aarch64.manylinux2014_aarch64.whl", hash = "sha256:a92ef1a44547e894e2a17d24e7557a5e85a9e1d0048b0b5e7541f76c5032cb13"},
    {file = "tomli-2.2.1-cp313-cp313-manylinux_2_17_x86_64.manylinux2014_x86_64.whl", hash = "sha256:9316dc65bed1684c9a98ee68759ceaed29d229e985297003e494aa825ebb0281"},
    {file = "tomli-2.2.1-cp313-cp313-manylinux_2_5_i686.manylinux1_i686.manylinux_2_17_i686.manylinux2014_i686.whl", hash = "sha256:e85e99945e688e32d5a35c1ff38ed0b3f41f43fad8df0bdf79f72b2ba7bc5272"},
    {file = "tomli-2.2.1-cp313-cp313-musllinux_1_2_aarch64.whl", hash = "sha256:ac065718db92ca818f8d6141b5f66369833d4a80a9d74435a268c52bdfa73140"},
    {file = "tomli-2.2.1-cp313-cp313-musllinux_1_2_i686.whl", hash = "sha256:d920f33822747519673ee656a4b6ac33e382eca9d331c87770faa3eef562aeb2"},
    {file = "tomli-2.2.1-cp313-cp313-musllinux_1_2_x86_64.whl", hash = "sha256:a198f10c4d1b1375d7687bc25294306e551bf1abfa4eace6650070a5c1ae2744"},
    {file = "tomli-2.2.1-cp313-cp313-win32.whl", hash = "sha256:d3f5614314d758649ab2ab3a62d4f2004c825922f9e370b29416484086b264ec"},
    {file = "tomli-2.2.1-cp313-cp313-win_amd64.whl", hash = "sha256:a38aa0308e754b0e3c67e344754dff64999ff9b513e691d0e786265c93583c69"},
    {file = "tomli-2.2.1-py3-none-any.whl", hash = "sha256:cb55c73c5f4408779d0cf3eef9f762b9c9f147a77de7b258bef0a5628adc85cc"},
    {file = "tomli-2.2.1.tar.gz", hash = "sha256:cd45e1dc79c835ce60f7404ec8119f2eb06d38b1deba146f07ced3bbc44505ff"},
]

[[package]]
name = "typing-extensions"
version = "4.14.1"
description = "Backported and Experimental Type Hints for Python 3.9+"
optional = false
python-versions = ">=3.9"
files = [
    {file = "typing_extensions-4.14.1-py3-none-any.whl", hash = "sha256:d1e1e3b58374dc93031d6eda2420a48ea44a36c2b4766a4fdeb3710755731d76"},
    {file = "typing_extensions-4.14.1.tar.gz", hash = "sha256:38b39f4aeeab64884ce9f74c94263ef78f3c22467c8724005483154c26648d36"},
]

[[package]]
name = "virtualenv"
version = "20.32.0"
description = "Virtual Python Environment builder"
optional = false
python-versions = ">=3.8"
files = [
    {file = "virtualenv-20.32.0-py3-none-any.whl", hash = "sha256:2c310aecb62e5aa1b06103ed7c2977b81e042695de2697d01017ff0f1034af56"},
    {file = "virtualenv-20.32.0.tar.gz", hash = "sha256:886bf75cadfdc964674e6e33eb74d787dff31ca314ceace03ca5810620f4ecf0"},
]

[package.dependencies]
distlib = ">=0.3.7,<1"
filelock = ">=3.12.2,<4"
platformdirs = ">=3.9.1,<5"

[package.extras]
docs = ["furo (>=2023.7.26)", "proselint (>=0.13)", "sphinx (>=7.1.2,!=7.3)", "sphinx-argparse (>=0.4)", "sphinxcontrib-towncrier (>=0.2.1a0)", "towncrier (>=23.6)"]
test = ["covdefaults (>=2.3)", "coverage (>=7.2.7)", "coverage-enable-subprocess (>=1)", "flaky (>=3.7)", "packaging (>=23.1)", "pytest (>=7.4)", "pytest-env (>=0.8.2)", "pytest-freezer (>=0.4.8)", "pytest-mock (>=3.11.1)", "pytest-randomly (>=3.12)", "pytest-timeout (>=2.1)", "setuptools (>=68)", "time-machine (>=2.10)"]

[metadata]
lock-version = "2.0"
python-versions = "^3.10"
content-hash = "d7d9f65f4ca2e3d88953c5637462feca9918e14cf22c176e5829972558cce8d3"
